// !$*UTF8*$!
{
	archiveVersion = 1;
	classes = {
	};
	objectVersion = 55;
	objects = {

/* Begin PBXBuildFile section */
		4DDB1CF12839036D002A9433 /* AppDelegate.swift in Sources */ = {isa = PBXBuildFile; fileRef = 4DDB1CF02839036D002A9433 /* AppDelegate.swift */; };
		4DDB1CF32839036D002A9433 /* SceneDelegate.swift in Sources */ = {isa = PBXBuildFile; fileRef = 4DDB1CF22839036D002A9433 /* SceneDelegate.swift */; };
		4DDB1CF52839036D002A9433 /* ViewController.swift in Sources */ = {isa = PBXBuildFile; fileRef = 4DDB1CF42839036D002A9433 /* ViewController.swift */; };
		4DDB1CF82839036D002A9433 /* Main.storyboard in Resources */ = {isa = PBXBuildFile; fileRef = 4DDB1CF62839036D002A9433 /* Main.storyboard */; };
		4DDB1CFA2839036F002A9433 /* Assets.xcassets in Resources */ = {isa = PBXBuildFile; fileRef = 4DDB1CF92839036F002A9433 /* Assets.xcassets */; };
		4DDB1CFD2839036F002A9433 /* LaunchScreen.storyboard in Resources */ = {isa = PBXBuildFile; fileRef = 4DDB1CFB2839036F002A9433 /* LaunchScreen.storyboard */; };
		4DDB1D0828390370002A9433 /* IdadeDeCachorroTests.swift in Sources */ = {isa = PBXBuildFile; fileRef = 4DDB1D0728390370002A9433 /* IdadeDeCachorroTests.swift */; };
		4DDB1D1228390370002A9433 /* IdadeDeCachorroUITests.swift in Sources */ = {isa = PBXBuildFile; fileRef = 4DDB1D1128390370002A9433 /* IdadeDeCachorroUITests.swift */; };
		4DDB1D1428390370002A9433 /* IdadeDeCachorroUITestsLaunchTests.swift in Sources */ = {isa = PBXBuildFile; fileRef = 4DDB1D1328390370002A9433 /* IdadeDeCachorroUITestsLaunchTests.swift */; };
/* End PBXBuildFile section */

/* Begin PBXContainerItemProxy section */
		4DDB1D0428390370002A9433 /* PBXContainerItemProxy */ = {
			isa = PBXContainerItemProxy;
			containerPortal = 4DDB1CE52839036D002A9433 /* Project object */;
			proxyType = 1;
			remoteGlobalIDString = 4DDB1CEC2839036D002A9433;
			remoteInfo = IdadeDeCachorro;
		};
		4DDB1D0E28390370002A9433 /* PBXContainerItemProxy */ = {
			isa = PBXContainerItemProxy;
			containerPortal = 4DDB1CE52839036D002A9433 /* Project object */;
			proxyType = 1;
			remoteGlobalIDString = 4DDB1CEC2839036D002A9433;
			remoteInfo = IdadeDeCachorro;
		};
/* End PBXContainerItemProxy section */

/* Begin PBXFileReference section */
		4DDB1CED2839036D002A9433 /* IdadeDeCachorro.app */ = {isa = PBXFileReference; explicitFileType = wrapper.application; includeInIndex = 0; path = IdadeDeCachorro.app; sourceTree = BUILT_PRODUCTS_DIR; };
		4DDB1CF02839036D002A9433 /* AppDelegate.swift */ = {isa = PBXFileReference; lastKnownFileType = sourcecode.swift; path = AppDelegate.swift; sourceTree = "<group>"; };
		4DDB1CF22839036D002A9433 /* SceneDelegate.swift */ = {isa = PBXFileReference; lastKnownFileType = sourcecode.swift; path = SceneDelegate.swift; sourceTree = "<group>"; };
		4DDB1CF42839036D002A9433 /* ViewController.swift */ = {isa = PBXFileReference; lastKnownFileType = sourcecode.swift; path = ViewController.swift; sourceTree = "<group>"; };
		4DDB1CF72839036D002A9433 /* Base */ = {isa = PBXFileReference; lastKnownFileType = file.storyboard; name = Base; path = Base.lproj/Main.storyboard; sourceTree = "<group>"; };
		4DDB1CF92839036F002A9433 /* Assets.xcassets */ = {isa = PBXFileReference; lastKnownFileType = folder.assetcatalog; path = Assets.xcassets; sourceTree = "<group>"; };
		4DDB1CFC2839036F002A9433 /* Base */ = {isa = PBXFileReference; lastKnownFileType = file.storyboard; name = Base; path = Base.lproj/LaunchScreen.storyboard; sourceTree = "<group>"; };
		4DDB1CFE2839036F002A9433 /* Info.plist */ = {isa = PBXFileReference; lastKnownFileType = text.plist.xml; path = Info.plist; sourceTree = "<group>"; };
		4DDB1D0328390370002A9433 /* IdadeDeCachorroTests.xctest */ = {isa = PBXFileReference; explicitFileType = wrapper.cfbundle; includeInIndex = 0; path = IdadeDeCachorroTests.xctest; sourceTree = BUILT_PRODUCTS_DIR; };
		4DDB1D0728390370002A9433 /* IdadeDeCachorroTests.swift */ = {isa = PBXFileReference; lastKnownFileType = sourcecode.swift; path = IdadeDeCachorroTests.swift; sourceTree = "<group>"; };
		4DDB1D0D28390370002A9433 /* IdadeDeCachorroUITests.xctest */ = {isa = PBXFileReference; explicitFileType = wrapper.cfbundle; includeInIndex = 0; path = IdadeDeCachorroUITests.xctest; sourceTree = BUILT_PRODUCTS_DIR; };
		4DDB1D1128390370002A9433 /* IdadeDeCachorroUITests.swift */ = {isa = PBXFileReference; lastKnownFileType = sourcecode.swift; path = IdadeDeCachorroUITests.swift; sourceTree = "<group>"; };
		4DDB1D1328390370002A9433 /* IdadeDeCachorroUITestsLaunchTests.swift */ = {isa = PBXFileReference; lastKnownFileType = sourcecode.swift; path = IdadeDeCachorroUITestsLaunchTests.swift; sourceTree = "<group>"; };
/* End PBXFileReference section */

/* Begin PBXFrameworksBuildPhase section */
		4DDB1CEA2839036D002A9433 /* Frameworks */ = {
			isa = PBXFrameworksBuildPhase;
			buildActionMask = 2147483647;
			files = (
			);
			runOnlyForDeploymentPostprocessing = 0;
		};
		4DDB1D0028390370002A9433 /* Frameworks */ = {
			isa = PBXFrameworksBuildPhase;
			buildActionMask = 2147483647;
			files = (
			);
			runOnlyForDeploymentPostprocessing = 0;
		};
		4DDB1D0A28390370002A9433 /* Frameworks */ = {
			isa = PBXFrameworksBuildPhase;
			buildActionMask = 2147483647;
			files = (
			);
			runOnlyForDeploymentPostprocessing = 0;
		};
/* End PBXFrameworksBuildPhase section */

/* Begin PBXGroup section */
		4DDB1CE42839036D002A9433 = {
			isa = PBXGroup;
			children = (
				4DDB1CEF2839036D002A9433 /* IdadeDeCachorro */,
				4DDB1D0628390370002A9433 /* IdadeDeCachorroTests */,
				4DDB1D1028390370002A9433 /* IdadeDeCachorroUITests */,
				4DDB1CEE2839036D002A9433 /* Products */,
			);
			sourceTree = "<group>";
		};
		4DDB1CEE2839036D002A9433 /* Products */ = {
			isa = PBXGroup;
			children = (
				4DDB1CED2839036D002A9433 /* IdadeDeCachorro.app */,
				4DDB1D0328390370002A9433 /* IdadeDeCachorroTests.xctest */,
				4DDB1D0D28390370002A9433 /* IdadeDeCachorroUITests.xctest */,
			);
			name = Products;
			sourceTree = "<group>";
		};
		4DDB1CEF2839036D002A9433 /* IdadeDeCachorro */ = {
			isa = PBXGroup;
			children = (
				4DDB1CF02839036D002A9433 /* AppDelegate.swift */,
				4DDB1CF22839036D002A9433 /* SceneDelegate.swift */,
				4DDB1CF42839036D002A9433 /* ViewController.swift */,
				4DDB1CF62839036D002A9433 /* Main.storyboard */,
				4DDB1CF92839036F002A9433 /* Assets.xcassets */,
				4DDB1CFB2839036F002A9433 /* LaunchScreen.storyboard */,
				4DDB1CFE2839036F002A9433 /* Info.plist */,
			);
			path = IdadeDeCachorro;
			sourceTree = "<group>";
		};
		4DDB1D0628390370002A9433 /* IdadeDeCachorroTests */ = {
			isa = PBXGroup;
			children = (
				4DDB1D0728390370002A9433 /* IdadeDeCachorroTests.swift */,
			);
			path = IdadeDeCachorroTests;
			sourceTree = "<group>";
		};
		4DDB1D1028390370002A9433 /* IdadeDeCachorroUITests */ = {
			isa = PBXGroup;
			children = (
				4DDB1D1128390370002A9433 /* IdadeDeCachorroUITests.swift */,
				4DDB1D1328390370002A9433 /* IdadeDeCachorroUITestsLaunchTests.swift */,
			);
			path = IdadeDeCachorroUITests;
			sourceTree = "<group>";
		};
/* End PBXGroup section */

/* Begin PBXNativeTarget section */
		4DDB1CEC2839036D002A9433 /* IdadeDeCachorro */ = {
			isa = PBXNativeTarget;
			buildConfigurationList = 4DDB1D1728390370002A9433 /* Build configuration list for PBXNativeTarget "IdadeDeCachorro" */;
			buildPhases = (
				4DDB1CE92839036D002A9433 /* Sources */,
				4DDB1CEA2839036D002A9433 /* Frameworks */,
				4DDB1CEB2839036D002A9433 /* Resources */,
			);
			buildRules = (
			);
			dependencies = (
			);
			name = IdadeDeCachorro;
			productName = IdadeDeCachorro;
			productReference = 4DDB1CED2839036D002A9433 /* IdadeDeCachorro.app */;
			productType = "com.apple.product-type.application";
		};
		4DDB1D0228390370002A9433 /* IdadeDeCachorroTests */ = {
			isa = PBXNativeTarget;
			buildConfigurationList = 4DDB1D1A28390370002A9433 /* Build configuration list for PBXNativeTarget "IdadeDeCachorroTests" */;
			buildPhases = (
				4DDB1CFF28390370002A9433 /* Sources */,
				4DDB1D0028390370002A9433 /* Frameworks */,
				4DDB1D0128390370002A9433 /* Resources */,
			);
			buildRules = (
			);
			dependencies = (
				4DDB1D0528390370002A9433 /* PBXTargetDependency */,
			);
			name = IdadeDeCachorroTests;
			productName = IdadeDeCachorroTests;
			productReference = 4DDB1D0328390370002A9433 /* IdadeDeCachorroTests.xctest */;
			productType = "com.apple.product-type.bundle.unit-test";
		};
		4DDB1D0C28390370002A9433 /* IdadeDeCachorroUITests */ = {
			isa = PBXNativeTarget;
			buildConfigurationList = 4DDB1D1D28390370002A9433 /* Build configuration list for PBXNativeTarget "IdadeDeCachorroUITests" */;
			buildPhases = (
				4DDB1D0928390370002A9433 /* Sources */,
				4DDB1D0A28390370002A9433 /* Frameworks */,
				4DDB1D0B28390370002A9433 /* Resources */,
			);
			buildRules = (
			);
			dependencies = (
				4DDB1D0F28390370002A9433 /* PBXTargetDependency */,
			);
			name = IdadeDeCachorroUITests;
			productName = IdadeDeCachorroUITests;
			productReference = 4DDB1D0D28390370002A9433 /* IdadeDeCachorroUITests.xctest */;
			productType = "com.apple.product-type.bundle.ui-testing";
		};
/* End PBXNativeTarget section */

/* Begin PBXProject section */
		4DDB1CE52839036D002A9433 /* Project object */ = {
			isa = PBXProject;
			attributes = {
				BuildIndependentTargetsInParallel = 1;
				LastSwiftUpdateCheck = 1310;
				LastUpgradeCheck = 1310;
				TargetAttributes = {
					4DDB1CEC2839036D002A9433 = {
						CreatedOnToolsVersion = 13.1;
					};
					4DDB1D0228390370002A9433 = {
						CreatedOnToolsVersion = 13.1;
						TestTargetID = 4DDB1CEC2839036D002A9433;
					};
					4DDB1D0C28390370002A9433 = {
						CreatedOnToolsVersion = 13.1;
						TestTargetID = 4DDB1CEC2839036D002A9433;
					};
				};
			};
			buildConfigurationList = 4DDB1CE82839036D002A9433 /* Build configuration list for PBXProject "IdadeDeCachorro" */;
			compatibilityVersion = "Xcode 13.0";
			developmentRegion = en;
			hasScannedForEncodings = 0;
			knownRegions = (
				en,
				Base,
			);
			mainGroup = 4DDB1CE42839036D002A9433;
			productRefGroup = 4DDB1CEE2839036D002A9433 /* Products */;
			projectDirPath = "";
			projectRoot = "";
			targets = (
				4DDB1CEC2839036D002A9433 /* IdadeDeCachorro */,
				4DDB1D0228390370002A9433 /* IdadeDeCachorroTests */,
				4DDB1D0C28390370002A9433 /* IdadeDeCachorroUITests */,
			);
		};
/* End PBXProject section */

/* Begin PBXResourcesBuildPhase section */
		4DDB1CEB2839036D002A9433 /* Resources */ = {
			isa = PBXResourcesBuildPhase;
			buildActionMask = 2147483647;
			files = (
				4DDB1CFD2839036F002A9433 /* LaunchScreen.storyboard in Resources */,
				4DDB1CFA2839036F002A9433 /* Assets.xcassets in Resources */,
				4DDB1CF82839036D002A9433 /* Main.storyboard in Resources */,
			);
			runOnlyForDeploymentPostprocessing = 0;
		};
		4DDB1D0128390370002A9433 /* Resources */ = {
			isa = PBXResourcesBuildPhase;
			buildActionMask = 2147483647;
			files = (
			);
			runOnlyForDeploymentPostprocessing = 0;
		};
		4DDB1D0B28390370002A9433 /* Resources */ = {
			isa = PBXResourcesBuildPhase;
			buildActionMask = 2147483647;
			files = (
			);
			runOnlyForDeploymentPostprocessing = 0;
		};
/* End PBXResourcesBuildPhase section */

/* Begin PBXSourcesBuildPhase section */
		4DDB1CE92839036D002A9433 /* Sources */ = {
			isa = PBXSourcesBuildPhase;
			buildActionMask = 2147483647;
			files = (
				4DDB1CF52839036D002A9433 /* ViewController.swift in Sources */,
				4DDB1CF12839036D002A9433 /* AppDelegate.swift in Sources */,
				4DDB1CF32839036D002A9433 /* SceneDelegate.swift in Sources */,
			);
			runOnlyForDeploymentPostprocessing = 0;
		};
		4DDB1CFF28390370002A9433 /* Sources */ = {
			isa = PBXSourcesBuildPhase;
			buildActionMask = 2147483647;
			files = (
				4DDB1D0828390370002A9433 /* IdadeDeCachorroTests.swift in Sources */,
			);
			runOnlyForDeploymentPostprocessing = 0;
		};
		4DDB1D0928390370002A9433 /* Sources */ = {
			isa = PBXSourcesBuildPhase;
			buildActionMask = 2147483647;
			files = (
				4DDB1D1428390370002A9433 /* IdadeDeCachorroUITestsLaunchTests.swift in Sources */,
				4DDB1D1228390370002A9433 /* IdadeDeCachorroUITests.swift in Sources */,
			);
			runOnlyForDeploymentPostprocessing = 0;
		};
/* End PBXSourcesBuildPhase section */

/* Begin PBXTargetDependency section */
		4DDB1D0528390370002A9433 /* PBXTargetDependency */ = {
			isa = PBXTargetDependency;
			target = 4DDB1CEC2839036D002A9433 /* IdadeDeCachorro */;
			targetProxy = 4DDB1D0428390370002A9433 /* PBXContainerItemProxy */;
		};
		4DDB1D0F28390370002A9433 /* PBXTargetDependency */ = {
			isa = PBXTargetDependency;
			target = 4DDB1CEC2839036D002A9433 /* IdadeDeCachorro */;
			targetProxy = 4DDB1D0E28390370002A9433 /* PBXContainerItemProxy */;
		};
/* End PBXTargetDependency section */

/* Begin PBXVariantGroup section */
		4DDB1CF62839036D002A9433 /* Main.storyboard */ = {
			isa = PBXVariantGroup;
			children = (
				4DDB1CF72839036D002A9433 /* Base */,
			);
			name = Main.storyboard;
			sourceTree = "<group>";
		};
		4DDB1CFB2839036F002A9433 /* LaunchScreen.storyboard */ = {
			isa = PBXVariantGroup;
			children = (
				4DDB1CFC2839036F002A9433 /* Base */,
			);
			name = LaunchScreen.storyboard;
			sourceTree = "<group>";
		};
/* End PBXVariantGroup section */

/* Begin XCBuildConfiguration section */
		4DDB1D1528390370002A9433 /* Debug */ = {
			isa = XCBuildConfiguration;
			buildSettings = {
				ALWAYS_SEARCH_USER_PATHS = NO;
				CLANG_ANALYZER_NONNULL = YES;
				CLANG_ANALYZER_NUMBER_OBJECT_CONVERSION = YES_AGGRESSIVE;
				CLANG_CXX_LANGUAGE_STANDARD = "gnu++17";
				CLANG_CXX_LIBRARY = "libc++";
				CLANG_ENABLE_MODULES = YES;
				CLANG_ENABLE_OBJC_ARC = YES;
				CLANG_ENABLE_OBJC_WEAK = YES;
				CLANG_WARN_BLOCK_CAPTURE_AUTORELEASING = YES;
				CLANG_WARN_BOOL_CONVERSION = YES;
				CLANG_WARN_COMMA = YES;
				CLANG_WARN_CONSTANT_CONVERSION = YES;
				CLANG_WARN_DEPRECATED_OBJC_IMPLEMENTATIONS = YES;
				CLANG_WARN_DIRECT_OBJC_ISA_USAGE = YES_ERROR;
				CLANG_WARN_DOCUMENTATION_COMMENTS = YES;
				CLANG_WARN_EMPTY_BODY = YES;
				CLANG_WARN_ENUM_CONVERSION = YES;
				CLANG_WARN_INFINITE_RECURSION = YES;
				CLANG_WARN_INT_CONVERSION = YES;
				CLANG_WARN_NON_LITERAL_NULL_CONVERSION = YES;
				CLANG_WARN_OBJC_IMPLICIT_RETAIN_SELF = YES;
				CLANG_WARN_OBJC_LITERAL_CONVERSION = YES;
				CLANG_WARN_OBJC_ROOT_CLASS = YES_ERROR;
				CLANG_WARN_QUOTED_INCLUDE_IN_FRAMEWORK_HEADER = YES;
				CLANG_WARN_RANGE_LOOP_ANALYSIS = YES;
				CLANG_WARN_STRICT_PROTOTYPES = YES;
				CLANG_WARN_SUSPICIOUS_MOVE = YES;
				CLANG_WARN_UNGUARDED_AVAILABILITY = YES_AGGRESSIVE;
				CLANG_WARN_UNREACHABLE_CODE = YES;
				CLANG_WARN__DUPLICATE_METHOD_MATCH = YES;
				COPY_PHASE_STRIP = NO;
				DEBUG_INFORMATION_FORMAT = dwarf;
				ENABLE_STRICT_OBJC_MSGSEND = YES;
				ENABLE_TESTABILITY = YES;
				GCC_C_LANGUAGE_STANDARD = gnu11;
				GCC_DYNAMIC_NO_PIC = NO;
				GCC_NO_COMMON_BLOCKS = YES;
				GCC_OPTIMIZATION_LEVEL = 0;
				GCC_PREPROCESSOR_DEFINITIONS = (
					"DEBUG=1",
					"$(inherited)",
				);
				GCC_WARN_64_TO_32_BIT_CONVERSION = YES;
				GCC_WARN_ABOUT_RETURN_TYPE = YES_ERROR;
				GCC_WARN_UNDECLARED_SELECTOR = YES;
				GCC_WARN_UNINITIALIZED_AUTOS = YES_AGGRESSIVE;
				GCC_WARN_UNUSED_FUNCTION = YES;
				GCC_WARN_UNUSED_VARIABLE = YES;
				IPHONEOS_DEPLOYMENT_TARGET = 15.0;
				MTL_ENABLE_DEBUG_INFO = INCLUDE_SOURCE;
				MTL_FAST_MATH = YES;
				ONLY_ACTIVE_ARCH = YES;
				SDKROOT = iphoneos;
				SWIFT_ACTIVE_COMPILATION_CONDITIONS = DEBUG;
				SWIFT_OPTIMIZATION_LEVEL = "-Onone";
			};
			name = Debug;
		};
		4DDB1D1628390370002A9433 /* Release */ = {
			isa = XCBuildConfiguration;
			buildSettings = {
				ALWAYS_SEARCH_USER_PATHS = NO;
				CLANG_ANALYZER_NONNULL = YES;
				CLANG_ANALYZER_NUMBER_OBJECT_CONVERSION = YES_AGGRESSIVE;
				CLANG_CXX_LANGUAGE_STANDARD = "gnu++17";
				CLANG_CXX_LIBRARY = "libc++";
				CLANG_ENABLE_MODULES = YES;
				CLANG_ENABLE_OBJC_ARC = YES;
				CLANG_ENABLE_OBJC_WEAK = YES;
				CLANG_WARN_BLOCK_CAPTURE_AUTORELEASING = YES;
				CLANG_WARN_BOOL_CONVERSION = YES;
				CLANG_WARN_COMMA = YES;
				CLANG_WARN_CONSTANT_CONVERSION = YES;
				CLANG_WARN_DEPRECATED_OBJC_IMPLEMENTATIONS = YES;
				CLANG_WARN_DIRECT_OBJC_ISA_USAGE = YES_ERROR;
				CLANG_WARN_DOCUMENTATION_COMMENTS = YES;
				CLANG_WARN_EMPTY_BODY = YES;
				CLANG_WARN_ENUM_CONVERSION = YES;
				CLANG_WARN_INFINITE_RECURSION = YES;
				CLANG_WARN_INT_CONVERSION = YES;
				CLANG_WARN_NON_LITERAL_NULL_CONVERSION = YES;
				CLANG_WARN_OBJC_IMPLICIT_RETAIN_SELF = YES;
				CLANG_WARN_OBJC_LITERAL_CONVERSION = YES;
				CLANG_WARN_OBJC_ROOT_CLASS = YES_ERROR;
				CLANG_WARN_QUOTED_INCLUDE_IN_FRAMEWORK_HEADER = YES;
				CLANG_WARN_RANGE_LOOP_ANALYSIS = YES;
				CLANG_WARN_STRICT_PROTOTYPES = YES;
				CLANG_WARN_SUSPICIOUS_MOVE = YES;
				CLANG_WARN_UNGUARDED_AVAILABILITY = YES_AGGRESSIVE;
				CLANG_WARN_UNREACHABLE_CODE = YES;
				CLANG_WARN__DUPLICATE_METHOD_MATCH = YES;
				COPY_PHASE_STRIP = NO;
				DEBUG_INFORMATION_FORMAT = "dwarf-with-dsym";
				ENABLE_NS_ASSERTIONS = NO;
				ENABLE_STRICT_OBJC_MSGSEND = YES;
				GCC_C_LANGUAGE_STANDARD = gnu11;
				GCC_NO_COMMON_BLOCKS = YES;
				GCC_WARN_64_TO_32_BIT_CONVERSION = YES;
				GCC_WARN_ABOUT_RETURN_TYPE = YES_ERROR;
				GCC_WARN_UNDECLARED_SELECTOR = YES;
				GCC_WARN_UNINITIALIZED_AUTOS = YES_AGGRESSIVE;
				GCC_WARN_UNUSED_FUNCTION = YES;
				GCC_WARN_UNUSED_VARIABLE = YES;
				IPHONEOS_DEPLOYMENT_TARGET = 15.0;
				MTL_ENABLE_DEBUG_INFO = NO;
				MTL_FAST_MATH = YES;
				SDKROOT = iphoneos;
				SWIFT_COMPILATION_MODE = wholemodule;
				SWIFT_OPTIMIZATION_LEVEL = "-O";
				VALIDATE_PRODUCT = YES;
			};
			name = Release;
		};
		4DDB1D1828390370002A9433 /* Debug */ = {
			isa = XCBuildConfiguration;
			buildSettings = {
				ASSETCATALOG_COMPILER_APPICON_NAME = AppIcon;
				ASSETCATALOG_COMPILER_GLOBAL_ACCENT_COLOR_NAME = AccentColor;
				CODE_SIGN_STYLE = Automatic;
				CURRENT_PROJECT_VERSION = 1;
				GENERATE_INFOPLIST_FILE = YES;
				INFOPLIST_FILE = IdadeDeCachorro/Info.plist;
				INFOPLIST_KEY_UIApplicationSupportsIndirectInputEvents = YES;
				INFOPLIST_KEY_UILaunchStoryboardName = LaunchScreen;
				INFOPLIST_KEY_UIMainStoryboardFile = Main;
				INFOPLIST_KEY_UISupportedInterfaceOrientations_iPad = "UIInterfaceOrientationPortrait UIInterfaceOrientationPortraitUpsideDown UIInterfaceOrientationLandscapeLeft UIInterfaceOrientationLandscapeRight";
				INFOPLIST_KEY_UISupportedInterfaceOrientations_iPhone = "UIInterfaceOrientationPortrait UIInterfaceOrientationLandscapeLeft UIInterfaceOrientationLandscapeRight";
				LD_RUNPATH_SEARCH_PATHS = (
					"$(inherited)",
					"@executable_path/Frameworks",
				);
				MARKETING_VERSION = 1.0;
				PRODUCT_BUNDLE_IDENTIFIER = com.idadedecachorro.IdadeDeCachorro;
				PRODUCT_NAME = "$(TARGET_NAME)";
				SWIFT_EMIT_LOC_STRINGS = YES;
				SWIFT_VERSION = 5.0;
				TARGETED_DEVICE_FAMILY = "1,2";
			};
			name = Debug;
		};
		4DDB1D1928390370002A9433 /* Release */ = {
			isa = XCBuildConfiguration;
			buildSettings = {
				ASSETCATALOG_COMPILER_APPICON_NAME = AppIcon;
				ASSETCATALOG_COMPILER_GLOBAL_ACCENT_COLOR_NAME = AccentColor;
				CODE_SIGN_STYLE = Automatic;
				CURRENT_PROJECT_VERSION = 1;
				GENERATE_INFOPLIST_FILE = YES;
				INFOPLIST_FILE = IdadeDeCachorro/Info.plist;
				INFOPLIST_KEY_UIApplicationSupportsIndirectInputEvents = YES;
				INFOPLIST_KEY_UILaunchStoryboardName = LaunchScreen;
				INFOPLIST_KEY_UIMainStoryboardFile = Main;
				INFOPLIST_KEY_UISupportedInterfaceOrientations_iPad = "UIInterfaceOrientationPortrait UIInterfaceOrientationPortraitUpsideDown UIInterfaceOrientationLandscapeLeft UIInterfaceOrientationLandscapeRight";
				INFOPLIST_KEY_UISupportedInterfaceOrientations_iPhone = "UIInterfaceOrientationPortrait UIInterfaceOrientationLandscapeLeft UIInterfaceOrientationLandscapeRight";
				LD_RUNPATH_SEARCH_PATHS = (
					"$(inherited)",
					"@executable_path/Frameworks",
				);
				MARKETING_VERSION = 1.0;
				PRODUCT_BUNDLE_IDENTIFIER = com.idadedecachorro.IdadeDeCachorro;
				PRODUCT_NAME = "$(TARGET_NAME)";
				SWIFT_EMIT_LOC_STRINGS = YES;
				SWIFT_VERSION = 5.0;
				TARGETED_DEVICE_FAMILY = "1,2";
			};
			name = Release;
		};
		4DDB1D1B28390370002A9433 /* Debug */ = {
			isa = XCBuildConfiguration;
			buildSettings = {
				ALWAYS_EMBED_SWIFT_STANDARD_LIBRARIES = YES;
				BUNDLE_LOADER = "$(TEST_HOST)";
				CODE_SIGN_STYLE = Automatic;
				CURRENT_PROJECT_VERSION = 1;
				GENERATE_INFOPLIST_FILE = YES;
				IPHONEOS_DEPLOYMENT_TARGET = 15.0;
				LD_RUNPATH_SEARCH_PATHS = (
					"$(inherited)",
					"@executable_path/Frameworks",
					"@loader_path/Frameworks",
				);
				MARKETING_VERSION = 1.0;
				PRODUCT_BUNDLE_IDENTIFIER = com.idadedecachorro.IdadeDeCachorroTests;
				PRODUCT_NAME = "$(TARGET_NAME)";
				SWIFT_EMIT_LOC_STRINGS = NO;
				SWIFT_VERSION = 5.0;
				TARGETED_DEVICE_FAMILY = "1,2";
				TEST_HOST = "$(BUILT_PRODUCTS_DIR)/IdadeDeCachorro.app/IdadeDeCachorro";
			};
			name = Debug;
		};
		4DDB1D1C28390370002A9433 /* Release */ = {
			isa = XCBuildConfiguration;
			buildSettings = {
				ALWAYS_EMBED_SWIFT_STANDARD_LIBRARIES = YES;
				BUNDLE_LOADER = "$(TEST_HOST)";
				CODE_SIGN_STYLE = Automatic;
				CURRENT_PROJECT_VERSION = 1;
				GENERATE_INFOPLIST_FILE = YES;
				IPHONEOS_DEPLOYMENT_TARGET = 15.0;
				LD_RUNPATH_SEARCH_PATHS = (
					"$(inherited)",
					"@executable_path/Frameworks",
					"@loader_path/Frameworks",
				);
				MARKETING_VERSION = 1.0;
				PRODUCT_BUNDLE_IDENTIFIER = com.idadedecachorro.IdadeDeCachorroTests;
				PRODUCT_NAME = "$(TARGET_NAME)";
				SWIFT_EMIT_LOC_STRINGS = NO;
				SWIFT_VERSION = 5.0;
				TARGETED_DEVICE_FAMILY = "1,2";
				TEST_HOST = "$(BUILT_PRODUCTS_DIR)/IdadeDeCachorro.app/IdadeDeCachorro";
			};
			name = Release;
		};
		4DDB1D1E28390370002A9433 /* Debug */ = {
			isa = XCBuildConfiguration;
			buildSettings = {
				ALWAYS_EMBED_SWIFT_STANDARD_LIBRARIES = YES;
				CODE_SIGN_STYLE = Automatic;
				CURRENT_PROJECT_VERSION = 1;
				GENERATE_INFOPLIST_FILE = YES;
				LD_RUNPATH_SEARCH_PATHS = (
					"$(inherited)",
					"@executable_path/Frameworks",
					"@loader_path/Frameworks",
				);
				MARKETING_VERSION = 1.0;
				PRODUCT_BUNDLE_IDENTIFIER = com.idadedecachorro.IdadeDeCachorroUITests;
				PRODUCT_NAME = "$(TARGET_NAME)";
				SWIFT_EMIT_LOC_STRINGS = NO;
				SWIFT_VERSION = 5.0;
				TARGETED_DEVICE_FAMILY = "1,2";
				TEST_TARGET_NAME = IdadeDeCachorro;
			};
			name = Debug;
		};
		4DDB1D1F28390370002A9433 /* Release */ = {
			isa = XCBuildConfiguration;
			buildSettings = {
				ALWAYS_EMBED_SWIFT_STANDARD_LIBRARIES = YES;
				CODE_SIGN_STYLE = Automatic;
				CURRENT_PROJECT_VERSION = 1;
				GENERATE_INFOPLIST_FILE = YES;
				LD_RUNPATH_SEARCH_PATHS = (
					"$(inherited)",
					"@executable_path/Frameworks",
					"@loader_path/Frameworks",
				);
				MARKETING_VERSION = 1.0;
				PRODUCT_BUNDLE_IDENTIFIER = com.idadedecachorro.IdadeDeCachorroUITests;
				PRODUCT_NAME = "$(TARGET_NAME)";
				SWIFT_EMIT_LOC_STRINGS = NO;
				SWIFT_VERSION = 5.0;
				TARGETED_DEVICE_FAMILY = "1,2";
				TEST_TARGET_NAME = IdadeDeCachorro;
			};
			name = Release;
		};
/* End XCBuildConfiguration section */

/* Begin XCConfigurationList section */
		4DDB1CE82839036D002A9433 /* Build configuration list for PBXProject "IdadeDeCachorro" */ = {
			isa = XCConfigurationList;
			buildConfigurations = (
				4DDB1D1528390370002A9433 /* Debug */,
				4DDB1D1628390370002A9433 /* Release */,
			);
			defaultConfigurationIsVisible = 0;
			defaultConfigurationName = Release;
		};
		4DDB1D1728390370002A9433 /* Build configuration list for PBXNativeTarget "IdadeDeCachorro" */ = {
			isa = XCConfigurationList;
			buildConfigurations = (
				4DDB1D1828390370002A9433 /* Debug */,
				4DDB1D1928390370002A9433 /* Release */,
			);
			defaultConfigurationIsVisible = 0;
			defaultConfigurationName = Release;
		};
		4DDB1D1A28390370002A9433 /* Build configuration list for PBXNativeTarget "IdadeDeCachorroTests" */ = {
			isa = XCConfigurationList;
			buildConfigurations = (
				4DDB1D1B28390370002A9433 /* Debug */,
				4DDB1D1C28390370002A9433 /* Release */,
			);
			defaultConfigurationIsVisible = 0;
			defaultConfigurationName = Release;
		};
		4DDB1D1D28390370002A9433 /* Build configuration list for PBXNativeTarget "IdadeDeCachorroUITests" */ = {
			isa = XCConfigurationList;
			buildConfigurations = (
				4DDB1D1E28390370002A9433 /* Debug */,
				4DDB1D1F28390370002A9433 /* Release */,
			);
			defaultConfigurationIsVisible = 0;
			defaultConfigurationName = Release;
		};
/* End XCConfigurationList section */
	};
	rootObject = 4DDB1CE52839036D002A9433 /* Project object */;
}
